
Microsoft Visual Studio Solution File, Format Version 12.00
Project("{FAE04EC0-301F-11D3-BF4B-00C04F79EFBC}") = "LightControl", "LightControl\LightControl.csproj", "{88377EDD-C602-4047-B97D-ACFA14F6FB21}"
EndProject
Global
	GlobalSection(SolutionConfigurationPlatforms) = preSolution
		Debug|Any CPU = Debug|Any CPU
		Release|Any CPU = Release|Any CPU
	EndGlobalSection
	GlobalSection(ProjectConfigurationPlatforms) = postSolution
		{88377EDD-C602-4047-B97D-ACFA14F6FB21}.Debug|Any CPU.ActiveCfg = Debug|Any CPU
		{88377EDD-C602-4047-B97D-ACFA14F6FB21}.Debug|Any CPU.Build.0 = Debug|Any CPU
		{88377EDD-C602-4047-B97D-ACFA14F6FB21}.Release|Any CPU.ActiveCfg = Release|Any CPU
		{88377EDD-C602-4047-B97D-ACFA14F6FB21}.Release|Any CPU.Build.0 = Release|Any CPU
	EndGlobalSection
EndGlobal
