
Microsoft Visual Studio Solution File, Format Version 12.00
Project("{FAE04EC0-301F-11D3-BF4B-00C04F79EFBC}") = "EasierSprites", "EasierSprites\EasierSprites.csproj", "{29340363-87C6-49D5-B327-38DAFF8016EE}"
EndProject
Global
	GlobalSection(SolutionConfigurationPlatforms) = preSolution
		Debug|Any CPU = Debug|Any CPU
		Release|Any CPU = Release|Any CPU
	EndGlobalSection
	GlobalSection(ProjectConfigurationPlatforms) = postSolution
		{29340363-87C6-49D5-B327-38DAFF8016EE}.Debug|Any CPU.ActiveCfg = Debug|Any CPU
		{29340363-87C6-49D5-B327-38DAFF8016EE}.Debug|Any CPU.Build.0 = Debug|Any CPU
		{29340363-87C6-49D5-B327-38DAFF8016EE}.Release|Any CPU.ActiveCfg = Release|Any CPU
		{29340363-87C6-49D5-B327-38DAFF8016EE}.Release|Any CPU.Build.0 = Release|Any CPU
	EndGlobalSection
EndGlobal
