
Microsoft Visual Studio Solution File, Format Version 12.00
Project("{FAE04EC0-301F-11D3-BF4B-00C04F79EFBC}") = "EasierTea", "EasierTea\EasierTea.csproj", "{97ED5C8C-6E5B-4E74-A501-680F856A5A85}"
EndProject
Global
	GlobalSection(SolutionConfigurationPlatforms) = preSolution
		Debug|Any CPU = Debug|Any CPU
		Release|Any CPU = Release|Any CPU
	EndGlobalSection
	GlobalSection(ProjectConfigurationPlatforms) = postSolution
		{97ED5C8C-6E5B-4E74-A501-680F856A5A85}.Debug|Any CPU.ActiveCfg = Debug|Any CPU
		{97ED5C8C-6E5B-4E74-A501-680F856A5A85}.Debug|Any CPU.Build.0 = Debug|Any CPU
		{97ED5C8C-6E5B-4E74-A501-680F856A5A85}.Release|Any CPU.ActiveCfg = Release|Any CPU
		{97ED5C8C-6E5B-4E74-A501-680F856A5A85}.Release|Any CPU.Build.0 = Release|Any CPU
	EndGlobalSection
EndGlobal
